// !$*UTF8*$!
{
	archiveVersion = 1;
	classes = {
	};
	objectVersion = 46;
	objects = {

/* Begin PBXBuildFile section */
		0203AA0E1D39E708005BFFBA /* main.m in Sources */ = {isa = PBXBuildFile; fileRef = 0203AA0D1D39E708005BFFBA /* main.m */; };
		0203AA111D39E708005BFFBA /* AppDelegate.m in Sources */ = {isa = PBXBuildFile; fileRef = 0203AA101D39E708005BFFBA /* AppDelegate.m */; };
		0203AA171D39E708005BFFBA /* Main.storyboard in Resources */ = {isa = PBXBuildFile; fileRef = 0203AA151D39E708005BFFBA /* Main.storyboard */; };
		0203AA191D39E708005BFFBA /* Assets.xcassets in Resources */ = {isa = PBXBuildFile; fileRef = 0203AA181D39E708005BFFBA /* Assets.xcassets */; };
		0203AA291D39F1F9005BFFBA /* UIImage+YFImage.m in Sources */ = {isa = PBXBuildFile; fileRef = 0203AA281D39F1F9005BFFBA /* UIImage+YFImage.m */; };
		0203AA2F1D39F78B005BFFBA /* ZJCQGameViewController.m in Sources */ = {isa = PBXBuildFile; fileRef = 0203AA2E1D39F78B005BFFBA /* ZJCQGameViewController.m */; };
		0203AA321D39FD87005BFFBA /* ZJCQGameViewCell.m in Sources */ = {isa = PBXBuildFile; fileRef = 0203AA311D39FD87005BFFBA /* ZJCQGameViewCell.m */; };
		1B2B0D202137ED74001DD5D5 /* Foundation.framework in Frameworks */ = {isa = PBXBuildFile; fileRef = 1B2B0D1F2137ED74001DD5D5 /* Foundation.framework */; };
		1B30EAF5213E7B7500C4D5F4 /* ZJCQShowWelcomeMessageViewController.m in Sources */ = {isa = PBXBuildFile; fileRef = 1B30EAF4213E7B7500C4D5F4 /* ZJCQShowWelcomeMessageViewController.m */; };
		1B30EAF9213E7BCA00C4D5F4 /* MBProgressHUD.m in Sources */ = {isa = PBXBuildFile; fileRef = 1B30EAF8213E7BCA00C4D5F4 /* MBProgressHUD.m */; };
		1B30EAFE213E7C8C00C4D5F4 /* UIView+Sizes.m in Sources */ = {isa = PBXBuildFile; fileRef = 1B30EAFD213E7C8C00C4D5F4 /* UIView+Sizes.m */; };
		1B30EB25213E7E2800C4D5F4 /* AFHTTPSessionManager.m in Sources */ = {isa = PBXBuildFile; fileRef = 1B30EB02213E7E2700C4D5F4 /* AFHTTPSessionManager.m */; };
		1B30EB26213E7E2800C4D5F4 /* AFNetworkReachabilityManager.m in Sources */ = {isa = PBXBuildFile; fileRef = 1B30EB05213E7E2700C4D5F4 /* AFNetworkReachabilityManager.m */; };
		1B30EB27213E7E2800C4D5F4 /* AFSecurityPolicy.m in Sources */ = {isa = PBXBuildFile; fileRef = 1B30EB07213E7E2700C4D5F4 /* AFSecurityPolicy.m */; };
		1B30EB28213E7E2800C4D5F4 /* AFURLRequestSerialization.m in Sources */ = {isa = PBXBuildFile; fileRef = 1B30EB09213E7E2700C4D5F4 /* AFURLRequestSerialization.m */; };
		1B30EB29213E7E2800C4D5F4 /* AFURLResponseSerialization.m in Sources */ = {isa = PBXBuildFile; fileRef = 1B30EB0B213E7E2700C4D5F4 /* AFURLResponseSerialization.m */; };
		1B30EB2A213E7E2800C4D5F4 /* AFURLSessionManager.m in Sources */ = {isa = PBXBuildFile; fileRef = 1B30EB0D213E7E2700C4D5F4 /* AFURLSessionManager.m */; };
		1B30EB2B213E7E2800C4D5F4 /* LICENSE in Resources */ = {isa = PBXBuildFile; fileRef = 1B30EB0E213E7E2700C4D5F4 /* LICENSE */; };
		1B30EB2C213E7E2800C4D5F4 /* README.md in Resources */ = {isa = PBXBuildFile; fileRef = 1B30EB0F213E7E2700C4D5F4 /* README.md */; };
		1B30EB2D213E7E2800C4D5F4 /* AFAutoPurgingImageCache.m in Sources */ = {isa = PBXBuildFile; fileRef = 1B30EB12213E7E2700C4D5F4 /* AFAutoPurgingImageCache.m */; };
		1B30EB2E213E7E2800C4D5F4 /* AFImageDownloader.m in Sources */ = {isa = PBXBuildFile; fileRef = 1B30EB14213E7E2700C4D5F4 /* AFImageDownloader.m */; };
		1B30EB2F213E7E2800C4D5F4 /* AFNetworkActivityIndicatorManager.m in Sources */ = {isa = PBXBuildFile; fileRef = 1B30EB16213E7E2700C4D5F4 /* AFNetworkActivityIndicatorManager.m */; };
		1B30EB30213E7E2800C4D5F4 /* UIActivityIndicatorView+AFNetworking.m in Sources */ = {isa = PBXBuildFile; fileRef = 1B30EB18213E7E2700C4D5F4 /* UIActivityIndicatorView+AFNetworking.m */; };
		1B30EB31213E7E2800C4D5F4 /* UIButton+AFNetworking.m in Sources */ = {isa = PBXBuildFile; fileRef = 1B30EB1A213E7E2700C4D5F4 /* UIButton+AFNetworking.m */; };
		1B30EB32213E7E2800C4D5F4 /* UIImageView+AFNetworking.m in Sources */ = {isa = PBXBuildFile; fileRef = 1B30EB1D213E7E2700C4D5F4 /* UIImageView+AFNetworking.m */; };
		1B30EB33213E7E2800C4D5F4 /* UIProgressView+AFNetworking.m in Sources */ = {isa = PBXBuildFile; fileRef = 1B30EB20213E7E2700C4D5F4 /* UIProgressView+AFNetworking.m */; };
		1B30EB34213E7E2800C4D5F4 /* UIRefreshControl+AFNetworking.m in Sources */ = {isa = PBXBuildFile; fileRef = 1B30EB22213E7E2700C4D5F4 /* UIRefreshControl+AFNetworking.m */; };
		1B30EB35213E7E2800C4D5F4 /* UIWebView+AFNetworking.m in Sources */ = {isa = PBXBuildFile; fileRef = 1B30EB24213E7E2700C4D5F4 /* UIWebView+AFNetworking.m */; };
		1B41E496213E64AA00985643 /* UIColor+YjnExtension.m in Sources */ = {isa = PBXBuildFile; fileRef = 1B41E495213E64AA00985643 /* UIColor+YjnExtension.m */; };
		1B41E49D213E77EA00985643 /* KLCPopup.m in Sources */ = {isa = PBXBuildFile; fileRef = 1B41E49C213E77EA00985643 /* KLCPopup.m */; };
		1B431421213939B10050691B /* ZJCQMedalsViewController.m in Sources */ = {isa = PBXBuildFile; fileRef = 1B431420213939B10050691B /* ZJCQMedalsViewController.m */; };
		1B431425213956670050691B /* ZJCQMedalsCollectionViewCell.m in Sources */ = {isa = PBXBuildFile; fileRef = 1B431424213956670050691B /* ZJCQMedalsCollectionViewCell.m */; };
		1B5B0FA7213CCBFA00EEF9A8 /* ZJCQMedalPopupView.m in Sources */ = {isa = PBXBuildFile; fileRef = 1B5B0FA6213CCBFA00EEF9A8 /* ZJCQMedalPopupView.m */; };
		1B8236C4213D4C6B007CEF6B /* ZJCQViewController.m in Sources */ = {isa = PBXBuildFile; fileRef = 1B8236C3213D4C6B007CEF6B /* ZJCQViewController.m */; };
		1BB7A9A1213F8B11006A13E0 /* NSBundle+TZImagePicker.m in Sources */ = {isa = PBXBuildFile; fileRef = 1BB7A985213F8B10006A13E0 /* NSBundle+TZImagePicker.m */; };
		1BB7A9A2213F8B11006A13E0 /* TZAssetCell.m in Sources */ = {isa = PBXBuildFile; fileRef = 1BB7A987213F8B10006A13E0 /* TZAssetCell.m */; };
		1BB7A9A3213F8B11006A13E0 /* TZAssetModel.m in Sources */ = {isa = PBXBuildFile; fileRef = 1BB7A989213F8B10006A13E0 /* TZAssetModel.m */; };
		1BB7A9A4213F8B11006A13E0 /* TZGifPhotoPreviewController.m in Sources */ = {isa = PBXBuildFile; fileRef = 1BB7A98B213F8B10006A13E0 /* TZGifPhotoPreviewController.m */; };
		1BB7A9A5213F8B11006A13E0 /* TZImageCropManager.m in Sources */ = {isa = PBXBuildFile; fileRef = 1BB7A98D213F8B10006A13E0 /* TZImageCropManager.m */; };
		1BB7A9A6213F8B11006A13E0 /* TZImageManager.m in Sources */ = {isa = PBXBuildFile; fileRef = 1BB7A98F213F8B10006A13E0 /* TZImageManager.m */; };
		1BB7A9A7213F8B11006A13E0 /* TZImagePickerController.bundle in Resources */ = {isa = PBXBuildFile; fileRef = 1BB7A990213F8B10006A13E0 /* TZImagePickerController.bundle */; };
		1BB7A9A8213F8B11006A13E0 /* TZImagePickerController.m in Sources */ = {isa = PBXBuildFile; fileRef = 1BB7A992213F8B10006A13E0 /* TZImagePickerController.m */; };
		1BB7A9A9213F8B11006A13E0 /* TZLocationManager.m in Sources */ = {isa = PBXBuildFile; fileRef = 1BB7A994213F8B10006A13E0 /* TZLocationManager.m */; };
		1BB7A9AA213F8B11006A13E0 /* TZPhotoPickerController.m in Sources */ = {isa = PBXBuildFile; fileRef = 1BB7A996213F8B10006A13E0 /* TZPhotoPickerController.m */; };
		1BB7A9AB213F8B11006A13E0 /* TZPhotoPreviewCell.m in Sources */ = {isa = PBXBuildFile; fileRef = 1BB7A998213F8B10006A13E0 /* TZPhotoPreviewCell.m */; };
		1BB7A9AC213F8B11006A13E0 /* TZPhotoPreviewController.m in Sources */ = {isa = PBXBuildFile; fileRef = 1BB7A99A213F8B10006A13E0 /* TZPhotoPreviewController.m */; };
		1BB7A9AD213F8B11006A13E0 /* TZProgressView.m in Sources */ = {isa = PBXBuildFile; fileRef = 1BB7A99C213F8B10006A13E0 /* TZProgressView.m */; };
		1BB7A9AE213F8B11006A13E0 /* TZVideoPlayerController.m in Sources */ = {isa = PBXBuildFile; fileRef = 1BB7A99E213F8B11006A13E0 /* TZVideoPlayerController.m */; };
		1BB7A9AF213F8B11006A13E0 /* UIView+Layout.m in Sources */ = {isa = PBXBuildFile; fileRef = 1BB7A9A0213F8B11006A13E0 /* UIView+Layout.m */; };
/* End PBXBuildFile section */

/* Begin PBXFileReference section */
		0203AA091D39E708005BFFBA /* PuzzleGame.app */ = {isa = PBXFileReference; explicitFileType = wrapper.application; includeInIndex = 0; path = PuzzleGame.app; sourceTree = BUILT_PRODUCTS_DIR; };
		0203AA0D1D39E708005BFFBA /* main.m */ = {isa = PBXFileReference; lastKnownFileType = sourcecode.c.objc; path = main.m; sourceTree = "<group>"; };
		0203AA0F1D39E708005BFFBA /* AppDelegate.h */ = {isa = PBXFileReference; lastKnownFileType = sourcecode.c.h; name = AppDelegate.h; path = PuzzleGame/AppDelegate.h; sourceTree = SOURCE_ROOT; };
		0203AA101D39E708005BFFBA /* AppDelegate.m */ = {isa = PBXFileReference; lastKnownFileType = sourcecode.c.objc; name = AppDelegate.m; path = PuzzleGame/AppDelegate.m; sourceTree = SOURCE_ROOT; };
		0203AA161D39E708005BFFBA /* Base */ = {isa = PBXFileReference; lastKnownFileType = file.storyboard; name = Base; path = Base.lproj/Main.storyboard; sourceTree = "<group>"; };
		0203AA181D39E708005BFFBA /* Assets.xcassets */ = {isa = PBXFileReference; lastKnownFileType = folder.assetcatalog; path = Assets.xcassets; sourceTree = "<group>"; };
		0203AA1D1D39E708005BFFBA /* Info.plist */ = {isa = PBXFileReference; lastKnownFileType = text.plist.xml; path = Info.plist; sourceTree = "<group>"; };
		0203AA271D39F1F9005BFFBA /* UIImage+YFImage.h */ = {isa = PBXFileReference; fileEncoding = 4; lastKnownFileType = sourcecode.c.h; path = "UIImage+YFImage.h"; sourceTree = "<group>"; };
		0203AA281D39F1F9005BFFBA /* UIImage+YFImage.m */ = {isa = PBXFileReference; fileEncoding = 4; lastKnownFileType = sourcecode.c.objc; path = "UIImage+YFImage.m"; sourceTree = "<group>"; };
		0203AA2D1D39F78B005BFFBA /* ZJCQGameViewController.h */ = {isa = PBXFileReference; fileEncoding = 4; lastKnownFileType = sourcecode.c.h; path = ZJCQGameViewController.h; sourceTree = "<group>"; };
		0203AA2E1D39F78B005BFFBA /* ZJCQGameViewController.m */ = {isa = PBXFileReference; fileEncoding = 4; lastKnownFileType = sourcecode.c.objc; path = ZJCQGameViewController.m; sourceTree = "<group>"; };
		0203AA301D39FD87005BFFBA /* ZJCQGameViewCell.h */ = {isa = PBXFileReference; fileEncoding = 4; lastKnownFileType = sourcecode.c.h; path = ZJCQGameViewCell.h; sourceTree = "<group>"; };
		0203AA311D39FD87005BFFBA /* ZJCQGameViewCell.m */ = {isa = PBXFileReference; fileEncoding = 4; lastKnownFileType = sourcecode.c.objc; path = ZJCQGameViewCell.m; sourceTree = "<group>"; };
		1B2B0D1F2137ED74001DD5D5 /* Foundation.framework */ = {isa = PBXFileReference; lastKnownFileType = wrapper.framework; name = Foundation.framework; path = System/Library/Frameworks/Foundation.framework; sourceTree = SDKROOT; };
		1B30EAF3213E7B7500C4D5F4 /* ZJCQShowWelcomeMessageViewController.h */ = {isa = PBXFileReference; fileEncoding = 4; lastKnownFileType = sourcecode.c.h; path = ZJCQShowWelcomeMessageViewController.h; sourceTree = "<group>"; };
		1B30EAF4213E7B7500C4D5F4 /* ZJCQShowWelcomeMessageViewController.m */ = {isa = PBXFileReference; fileEncoding = 4; lastKnownFileType = sourcecode.c.objc; path = ZJCQShowWelcomeMessageViewController.m; sourceTree = "<group>"; };
		1B30EAF7213E7BCA00C4D5F4 /* MBProgressHUD.h */ = {isa = PBXFileReference; fileEncoding = 4; lastKnownFileType = sourcecode.c.h; path = MBProgressHUD.h; sourceTree = "<group>"; };
		1B30EAF8213E7BCA00C4D5F4 /* MBProgressHUD.m */ = {isa = PBXFileReference; fileEncoding = 4; lastKnownFileType = sourcecode.c.objc; path = MBProgressHUD.m; sourceTree = "<group>"; };
		1B30EAFA213E7C3600C4D5F4 /* LianLianDots-Prefix.pch */ = {isa = PBXFileReference; fileEncoding = 4; lastKnownFileType = sourcecode.c.h; path = "LianLianDots-Prefix.pch"; sourceTree = "<group>"; };
		1B30EAFB213E7C3600C4D5F4 /* CommonDef.h */ = {isa = PBXFileReference; fileEncoding = 4; lastKnownFileType = sourcecode.c.h; path = CommonDef.h; sourceTree = "<group>"; };
		1B30EAFC213E7C8C00C4D5F4 /* UIView+Sizes.h */ = {isa = PBXFileReference; fileEncoding = 4; lastKnownFileType = sourcecode.c.h; path = "UIView+Sizes.h"; sourceTree = "<group>"; };
		1B30EAFD213E7C8C00C4D5F4 /* UIView+Sizes.m */ = {isa = PBXFileReference; fileEncoding = 4; lastKnownFileType = sourcecode.c.objc; path = "UIView+Sizes.m"; sourceTree = "<group>"; };
		1B30EB01213E7E2700C4D5F4 /* AFHTTPSessionManager.h */ = {isa = PBXFileReference; fileEncoding = 4; lastKnownFileType = sourcecode.c.h; path = AFHTTPSessionManager.h; sourceTree = "<group>"; };
		1B30EB02213E7E2700C4D5F4 /* AFHTTPSessionManager.m */ = {isa = PBXFileReference; fileEncoding = 4; lastKnownFileType = sourcecode.c.objc; path = AFHTTPSessionManager.m; sourceTree = "<group>"; };
		1B30EB03213E7E2700C4D5F4 /* AFNetworking.h */ = {isa = PBXFileReference; fileEncoding = 4; lastKnownFileType = sourcecode.c.h; path = AFNetworking.h; sourceTree = "<group>"; };
		1B30EB04213E7E2700C4D5F4 /* AFNetworkReachabilityManager.h */ = {isa = PBXFileReference; fileEncoding = 4; lastKnownFileType = sourcecode.c.h; path = AFNetworkReachabilityManager.h; sourceTree = "<group>"; };
		1B30EB05213E7E2700C4D5F4 /* AFNetworkReachabilityManager.m */ = {isa = PBXFileReference; fileEncoding = 4; lastKnownFileType = sourcecode.c.objc; path = AFNetworkReachabilityManager.m; sourceTree = "<group>"; };
		1B30EB06213E7E2700C4D5F4 /* AFSecurityPolicy.h */ = {isa = PBXFileReference; fileEncoding = 4; lastKnownFileType = sourcecode.c.h; path = AFSecurityPolicy.h; sourceTree = "<group>"; };
		1B30EB07213E7E2700C4D5F4 /* AFSecurityPolicy.m */ = {isa = PBXFileReference; fileEncoding = 4; lastKnownFileType = sourcecode.c.objc; path = AFSecurityPolicy.m; sourceTree = "<group>"; };
		1B30EB08213E7E2700C4D5F4 /* AFURLRequestSerialization.h */ = {isa = PBXFileReference; fileEncoding = 4; lastKnownFileType = sourcecode.c.h; path = AFURLRequestSerialization.h; sourceTree = "<group>"; };
		1B30EB09213E7E2700C4D5F4 /* AFURLRequestSerialization.m */ = {isa = PBXFileReference; fileEncoding = 4; lastKnownFileType = sourcecode.c.objc; path = AFURLRequestSerialization.m; sourceTree = "<group>"; };
		1B30EB0A213E7E2700C4D5F4 /* AFURLResponseSerialization.h */ = {isa = PBXFileReference; fileEncoding = 4; lastKnownFileType = sourcecode.c.h; path = AFURLResponseSerialization.h; sourceTree = "<group>"; };
		1B30EB0B213E7E2700C4D5F4 /* AFURLResponseSerialization.m */ = {isa = PBXFileReference; fileEncoding = 4; lastKnownFileType = sourcecode.c.objc; path = AFURLResponseSerialization.m; sourceTree = "<group>"; };
		1B30EB0C213E7E2700C4D5F4 /* AFURLSessionManager.h */ = {isa = PBXFileReference; fileEncoding = 4; lastKnownFileType = sourcecode.c.h; path = AFURLSessionManager.h; sourceTree = "<group>"; };
		1B30EB0D213E7E2700C4D5F4 /* AFURLSessionManager.m */ = {isa = PBXFileReference; fileEncoding = 4; lastKnownFileType = sourcecode.c.objc; path = AFURLSessionManager.m; sourceTree = "<group>"; };
		1B30EB0E213E7E2700C4D5F4 /* LICENSE */ = {isa = PBXFileReference; fileEncoding = 4; lastKnownFileType = text; path = LICENSE; sourceTree = "<group>"; };
		1B30EB0F213E7E2700C4D5F4 /* README.md */ = {isa = PBXFileReference; fileEncoding = 4; lastKnownFileType = net.daringfireball.markdown; path = README.md; sourceTree = "<group>"; };
		1B30EB11213E7E2700C4D5F4 /* AFAutoPurgingImageCache.h */ = {isa = PBXFileReference; fileEncoding = 4; lastKnownFileType = sourcecode.c.h; path = AFAutoPurgingImageCache.h; sourceTree = "<group>"; };
		1B30EB12213E7E2700C4D5F4 /* AFAutoPurgingImageCache.m */ = {isa = PBXFileReference; fileEncoding = 4; lastKnownFileType = sourcecode.c.objc; path = AFAutoPurgingImageCache.m; sourceTree = "<group>"; };
		1B30EB13213E7E2700C4D5F4 /* AFImageDownloader.h */ = {isa = PBXFileReference; fileEncoding = 4; lastKnownFileType = sourcecode.c.h; path = AFImageDownloader.h; sourceTree = "<group>"; };
		1B30EB14213E7E2700C4D5F4 /* AFImageDownloader.m */ = {isa = PBXFileReference; fileEncoding = 4; lastKnownFileType = sourcecode.c.objc; path = AFImageDownloader.m; sourceTree = "<group>"; };
		1B30EB15213E7E2700C4D5F4 /* AFNetworkActivityIndicatorManager.h */ = {isa = PBXFileReference; fileEncoding = 4; lastKnownFileType = sourcecode.c.h; path = AFNetworkActivityIndicatorManager.h; sourceTree = "<group>"; };
		1B30EB16213E7E2700C4D5F4 /* AFNetworkActivityIndicatorManager.m */ = {isa = PBXFileReference; fileEncoding = 4; lastKnownFileType = sourcecode.c.objc; path = AFNetworkActivityIndicatorManager.m; sourceTree = "<group>"; };
		1B30EB17213E7E2700C4D5F4 /* UIActivityIndicatorView+AFNetworking.h */ = {isa = PBXFileReference; fileEncoding = 4; lastKnownFileType = sourcecode.c.h; path = "UIActivityIndicatorView+AFNetworking.h"; sourceTree = "<group>"; };
		1B30EB18213E7E2700C4D5F4 /* UIActivityIndicatorView+AFNetworking.m */ = {isa = PBXFileReference; fileEncoding = 4; lastKnownFileType = sourcecode.c.objc; path = "UIActivityIndicatorView+AFNetworking.m"; sourceTree = "<group>"; };
		1B30EB19213E7E2700C4D5F4 /* UIButton+AFNetworking.h */ = {isa = PBXFileReference; fileEncoding = 4; lastKnownFileType = sourcecode.c.h; path = "UIButton+AFNetworking.h"; sourceTree = "<group>"; };
		1B30EB1A213E7E2700C4D5F4 /* UIButton+AFNetworking.m */ = {isa = PBXFileReference; fileEncoding = 4; lastKnownFileType = sourcecode.c.objc; path = "UIButton+AFNetworking.m"; sourceTree = "<group>"; };
		1B30EB1B213E7E2700C4D5F4 /* UIImage+AFNetworking.h */ = {isa = PBXFileReference; fileEncoding = 4; lastKnownFileType = sourcecode.c.h; path = "UIImage+AFNetworking.h"; sourceTree = "<group>"; };
		1B30EB1C213E7E2700C4D5F4 /* UIImageView+AFNetworking.h */ = {isa = PBXFileReference; fileEncoding = 4; lastKnownFileType = sourcecode.c.h; path = "UIImageView+AFNetworking.h"; sourceTree = "<group>"; };
		1B30EB1D213E7E2700C4D5F4 /* UIImageView+AFNetworking.m */ = {isa = PBXFileReference; fileEncoding = 4; lastKnownFileType = sourcecode.c.objc; path = "UIImageView+AFNetworking.m"; sourceTree = "<group>"; };
		1B30EB1E213E7E2700C4D5F4 /* UIKit+AFNetworking.h */ = {isa = PBXFileReference; fileEncoding = 4; lastKnownFileType = sourcecode.c.h; path = "UIKit+AFNetworking.h"; sourceTree = "<group>"; };
		1B30EB1F213E7E2700C4D5F4 /* UIProgressView+AFNetworking.h */ = {isa = PBXFileReference; fileEncoding = 4; lastKnownFileType = sourcecode.c.h; path = "UIProgressView+AFNetworking.h"; sourceTree = "<group>"; };
		1B30EB20213E7E2700C4D5F4 /* UIProgressView+AFNetworking.m */ = {isa = PBXFileReference; fileEncoding = 4; lastKnownFileType = sourcecode.c.objc; path = "UIProgressView+AFNetworking.m"; sourceTree = "<group>"; };
		1B30EB21213E7E2700C4D5F4 /* UIRefreshControl+AFNetworking.h */ = {isa = PBXFileReference; fileEncoding = 4; lastKnownFileType = sourcecode.c.h; path = "UIRefreshControl+AFNetworking.h"; sourceTree = "<group>"; };
		1B30EB22213E7E2700C4D5F4 /* UIRefreshControl+AFNetworking.m */ = {isa = PBXFileReference; fileEncoding = 4; lastKnownFileType = sourcecode.c.objc; path = "UIRefreshControl+AFNetworking.m"; sourceTree = "<group>"; };
		1B30EB23213E7E2700C4D5F4 /* UIWebView+AFNetworking.h */ = {isa = PBXFileReference; fileEncoding = 4; lastKnownFileType = sourcecode.c.h; path = "UIWebView+AFNetworking.h"; sourceTree = "<group>"; };
		1B30EB24213E7E2700C4D5F4 /* UIWebView+AFNetworking.m */ = {isa = PBXFileReference; fileEncoding = 4; lastKnownFileType = sourcecode.c.objc; path = "UIWebView+AFNetworking.m"; sourceTree = "<group>"; };
		1B41E494213E64AA00985643 /* UIColor+YjnExtension.h */ = {isa = PBXFileReference; lastKnownFileType = sourcecode.c.h; path = "UIColor+YjnExtension.h"; sourceTree = "<group>"; };
		1B41E495213E64AA00985643 /* UIColor+YjnExtension.m */ = {isa = PBXFileReference; lastKnownFileType = sourcecode.c.objc; path = "UIColor+YjnExtension.m"; sourceTree = "<group>"; };
		1B41E49B213E77EA00985643 /* KLCPopup.h */ = {isa = PBXFileReference; fileEncoding = 4; lastKnownFileType = sourcecode.c.h; path = KLCPopup.h; sourceTree = "<group>"; };
		1B41E49C213E77EA00985643 /* KLCPopup.m */ = {isa = PBXFileReference; fileEncoding = 4; lastKnownFileType = sourcecode.c.objc; path = KLCPopup.m; sourceTree = "<group>"; };
		1B43141F213939B10050691B /* ZJCQMedalsViewController.h */ = {isa = PBXFileReference; lastKnownFileType = sourcecode.c.h; path = ZJCQMedalsViewController.h; sourceTree = "<group>"; };
		1B431420213939B10050691B /* ZJCQMedalsViewController.m */ = {isa = PBXFileReference; lastKnownFileType = sourcecode.c.objc; path = ZJCQMedalsViewController.m; sourceTree = "<group>"; };
		1B431423213956670050691B /* ZJCQMedalsCollectionViewCell.h */ = {isa = PBXFileReference; lastKnownFileType = sourcecode.c.h; path = ZJCQMedalsCollectionViewCell.h; sourceTree = "<group>"; };
		1B431424213956670050691B /* ZJCQMedalsCollectionViewCell.m */ = {isa = PBXFileReference; lastKnownFileType = sourcecode.c.objc; path = ZJCQMedalsCollectionViewCell.m; sourceTree = "<group>"; };
		1B5B0FA5213CCBFA00EEF9A8 /* ZJCQMedalPopupView.h */ = {isa = PBXFileReference; lastKnownFileType = sourcecode.c.h; path = ZJCQMedalPopupView.h; sourceTree = "<group>"; };
		1B5B0FA6213CCBFA00EEF9A8 /* ZJCQMedalPopupView.m */ = {isa = PBXFileReference; lastKnownFileType = sourcecode.c.objc; path = ZJCQMedalPopupView.m; sourceTree = "<group>"; };
		1B8236C2213D4C6B007CEF6B /* ZJCQViewController.h */ = {isa = PBXFileReference; fileEncoding = 4; lastKnownFileType = sourcecode.c.h; path = ZJCQViewController.h; sourceTree = "<group>"; };
		1B8236C3213D4C6B007CEF6B /* ZJCQViewController.m */ = {isa = PBXFileReference; fileEncoding = 4; lastKnownFileType = sourcecode.c.objc; path = ZJCQViewController.m; sourceTree = "<group>"; };
		1BB7A984213F8B10006A13E0 /* NSBundle+TZImagePicker.h */ = {isa = PBXFileReference; fileEncoding = 4; lastKnownFileType = sourcecode.c.h; path = "NSBundle+TZImagePicker.h"; sourceTree = "<group>"; };
		1BB7A985213F8B10006A13E0 /* NSBundle+TZImagePicker.m */ = {isa = PBXFileReference; fileEncoding = 4; lastKnownFileType = sourcecode.c.objc; path = "NSBundle+TZImagePicker.m"; sourceTree = "<group>"; };
		1BB7A986213F8B10006A13E0 /* TZAssetCell.h */ = {isa = PBXFileReference; fileEncoding = 4; lastKnownFileType = sourcecode.c.h; path = TZAssetCell.h; sourceTree = "<group>"; };
		1BB7A987213F8B10006A13E0 /* TZAssetCell.m */ = {isa = PBXFileReference; fileEncoding = 4; lastKnownFileType = sourcecode.c.objc; path = TZAssetCell.m; sourceTree = "<group>"; };
		1BB7A988213F8B10006A13E0 /* TZAssetModel.h */ = {isa = PBXFileReference; fileEncoding = 4; lastKnownFileType = sourcecode.c.h; path = TZAssetModel.h; sourceTree = "<group>"; };
		1BB7A989213F8B10006A13E0 /* TZAssetModel.m */ = {isa = PBXFileReference; fileEncoding = 4; lastKnownFileType = sourcecode.c.objc; path = TZAssetModel.m; sourceTree = "<group>"; };
		1BB7A98A213F8B10006A13E0 /* TZGifPhotoPreviewController.h */ = {isa = PBXFileReference; fileEncoding = 4; lastKnownFileType = sourcecode.c.h; path = TZGifPhotoPreviewController.h; sourceTree = "<group>"; };
		1BB7A98B213F8B10006A13E0 /* TZGifPhotoPreviewController.m */ = {isa = PBXFileReference; fileEncoding = 4; lastKnownFileType = sourcecode.c.objc; path = TZGifPhotoPreviewController.m; sourceTree = "<group>"; };
		1BB7A98C213F8B10006A13E0 /* TZImageCropManager.h */ = {isa = PBXFileReference; fileEncoding = 4; lastKnownFileType = sourcecode.c.h; path = TZImageCropManager.h; sourceTree = "<group>"; };
		1BB7A98D213F8B10006A13E0 /* TZImageCropManager.m */ = {isa = PBXFileReference; fileEncoding = 4; lastKnownFileType = sourcecode.c.objc; path = TZImageCropManager.m; sourceTree = "<group>"; };
		1BB7A98E213F8B10006A13E0 /* TZImageManager.h */ = {isa = PBXFileReference; fileEncoding = 4; lastKnownFileType = sourcecode.c.h; path = TZImageManager.h; sourceTree = "<group>"; };
		1BB7A98F213F8B10006A13E0 /* TZImageManager.m */ = {isa = PBXFileReference; fileEncoding = 4; lastKnownFileType = sourcecode.c.objc; path = TZImageManager.m; sourceTree = "<group>"; };
		1BB7A990213F8B10006A13E0 /* TZImagePickerController.bundle */ = {isa = PBXFileReference; lastKnownFileType = "wrapper.plug-in"; path = TZImagePickerController.bundle; sourceTree = "<group>"; };
		1BB7A991213F8B10006A13E0 /* TZImagePickerController.h */ = {isa = PBXFileReference; fileEncoding = 4; lastKnownFileType = sourcecode.c.h; path = TZImagePickerController.h; sourceTree = "<group>"; };
		1BB7A992213F8B10006A13E0 /* TZImagePickerController.m */ = {isa = PBXFileReference; fileEncoding = 4; lastKnownFileType = sourcecode.c.objc; path = TZImagePickerController.m; sourceTree = "<group>"; };
		1BB7A993213F8B10006A13E0 /* TZLocationManager.h */ = {isa = PBXFileReference; fileEncoding = 4; lastKnownFileType = sourcecode.c.h; path = TZLocationManager.h; sourceTree = "<group>"; };
		1BB7A994213F8B10006A13E0 /* TZLocationManager.m */ = {isa = PBXFileReference; fileEncoding = 4; lastKnownFileType = sourcecode.c.objc; path = TZLocationManager.m; sourceTree = "<group>"; };
		1BB7A995213F8B10006A13E0 /* TZPhotoPickerController.h */ = {isa = PBXFileReference; fileEncoding = 4; lastKnownFileType = sourcecode.c.h; path = TZPhotoPickerController.h; sourceTree = "<group>"; };
		1BB7A996213F8B10006A13E0 /* TZPhotoPickerController.m */ = {isa = PBXFileReference; fileEncoding = 4; lastKnownFileType = sourcecode.c.objc; path = TZPhotoPickerController.m; sourceTree = "<group>"; };
		1BB7A997213F8B10006A13E0 /* TZPhotoPreviewCell.h */ = {isa = PBXFileReference; fileEncoding = 4; lastKnownFileType = sourcecode.c.h; path = TZPhotoPreviewCell.h; sourceTree = "<group>"; };
		1BB7A998213F8B10006A13E0 /* TZPhotoPreviewCell.m */ = {isa = PBXFileReference; fileEncoding = 4; lastKnownFileType = sourcecode.c.objc; path = TZPhotoPreviewCell.m; sourceTree = "<group>"; };
		1BB7A999213F8B10006A13E0 /* TZPhotoPreviewController.h */ = {isa = PBXFileReference; fileEncoding = 4; lastKnownFileType = sourcecode.c.h; path = TZPhotoPreviewController.h; sourceTree = "<group>"; };
		1BB7A99A213F8B10006A13E0 /* TZPhotoPreviewController.m */ = {isa = PBXFileReference; fileEncoding = 4; lastKnownFileType = sourcecode.c.objc; path = TZPhotoPreviewController.m; sourceTree = "<group>"; };
		1BB7A99B213F8B10006A13E0 /* TZProgressView.h */ = {isa = PBXFileReference; fileEncoding = 4; lastKnownFileType = sourcecode.c.h; path = TZProgressView.h; sourceTree = "<group>"; };
		1BB7A99C213F8B10006A13E0 /* TZProgressView.m */ = {isa = PBXFileReference; fileEncoding = 4; lastKnownFileType = sourcecode.c.objc; path = TZProgressView.m; sourceTree = "<group>"; };
		1BB7A99D213F8B10006A13E0 /* TZVideoPlayerController.h */ = {isa = PBXFileReference; fileEncoding = 4; lastKnownFileType = sourcecode.c.h; path = TZVideoPlayerController.h; sourceTree = "<group>"; };
		1BB7A99E213F8B11006A13E0 /* TZVideoPlayerController.m */ = {isa = PBXFileReference; fileEncoding = 4; lastKnownFileType = sourcecode.c.objc; path = TZVideoPlayerController.m; sourceTree = "<group>"; };
		1BB7A99F213F8B11006A13E0 /* UIView+Layout.h */ = {isa = PBXFileReference; fileEncoding = 4; lastKnownFileType = sourcecode.c.h; path = "UIView+Layout.h"; sourceTree = "<group>"; };
		1BB7A9A0213F8B11006A13E0 /* UIView+Layout.m */ = {isa = PBXFileReference; fileEncoding = 4; lastKnownFileType = sourcecode.c.objc; path = "UIView+Layout.m"; sourceTree = "<group>"; };
/* End PBXFileReference section */

/* Begin PBXFrameworksBuildPhase section */
		0203AA061D39E708005BFFBA /* Frameworks */ = {
			isa = PBXFrameworksBuildPhase;
			buildActionMask = 2147483647;
			files = (
				1B2B0D202137ED74001DD5D5 /* Foundation.framework in Frameworks */,
			);
			runOnlyForDeploymentPostprocessing = 0;
		};
/* End PBXFrameworksBuildPhase section */

/* Begin PBXGroup section */
		0203AA001D39E708005BFFBA = {
			isa = PBXGroup;
			children = (
				0203AA0B1D39E708005BFFBA /* PuzzleGame */,
				0203AA0A1D39E708005BFFBA /* Products */,
				1B2B0D1E2137ED74001DD5D5 /* Frameworks */,
			);
			sourceTree = "<group>";
		};
		0203AA0A1D39E708005BFFBA /* Products */ = {
			isa = PBXGroup;
			children = (
				0203AA091D39E708005BFFBA /* PuzzleGame.app */,
			);
			name = Products;
			sourceTree = "<group>";
		};
		0203AA0B1D39E708005BFFBA /* PuzzleGame */ = {
			isa = PBXGroup;
			children = (
				0203AA231D39E723005BFFBA /* AppDelegate */,
				0203AA241D39E739005BFFBA /* Category */,
				0203AA261D39E74C005BFFBA /* ViewController */,
				0203AA251D39E73E005BFFBA /* View */,
				0203AA181D39E708005BFFBA /* Assets.xcassets */,
				0203AA1D1D39E708005BFFBA /* Info.plist */,
				0203AA0C1D39E708005BFFBA /* Supporting Files */,
			);
			path = PuzzleGame;
			sourceTree = "<group>";
		};
		0203AA0C1D39E708005BFFBA /* Supporting Files */ = {
			isa = PBXGroup;
			children = (
				0203AA0D1D39E708005BFFBA /* main.m */,
				1B30EAFB213E7C3600C4D5F4 /* CommonDef.h */,
				1B30EAFA213E7C3600C4D5F4 /* LianLianDots-Prefix.pch */,
			);
			name = "Supporting Files";
			sourceTree = "<group>";
		};
		0203AA231D39E723005BFFBA /* AppDelegate */ = {
			isa = PBXGroup;
			children = (
				1B30EAFF213E7E2700C4D5F4 /* AFNetworking */,
				0203AA0F1D39E708005BFFBA /* AppDelegate.h */,
				0203AA101D39E708005BFFBA /* AppDelegate.m */,
				1B41E49B213E77EA00985643 /* KLCPopup.h */,
				1B41E49C213E77EA00985643 /* KLCPopup.m */,
				1BB7A983213F8B10006A13E0 /* TZImagePickerController */,
				0203AA151D39E708005BFFBA /* Main.storyboard */,
			);
			path = AppDelegate;
			sourceTree = "<group>";
		};
		0203AA241D39E739005BFFBA /* Category */ = {
			isa = PBXGroup;
			children = (
				1B30EAFC213E7C8C00C4D5F4 /* UIView+Sizes.h */,
				1B30EAFD213E7C8C00C4D5F4 /* UIView+Sizes.m */,
				1B41E494213E64AA00985643 /* UIColor+YjnExtension.h */,
				1B41E495213E64AA00985643 /* UIColor+YjnExtension.m */,
				0203AA271D39F1F9005BFFBA /* UIImage+YFImage.h */,
				0203AA281D39F1F9005BFFBA /* UIImage+YFImage.m */,
			);
			path = Category;
			sourceTree = "<group>";
		};
		0203AA251D39E73E005BFFBA /* View */ = {
			isa = PBXGroup;
			children = (
				0203AA301D39FD87005BFFBA /* ZJCQGameViewCell.h */,
				0203AA311D39FD87005BFFBA /* ZJCQGameViewCell.m */,
			);
			path = View;
			sourceTree = "<group>";
		};
		0203AA261D39E74C005BFFBA /* ViewController */ = {
			isa = PBXGroup;
			children = (
				1B8236C2213D4C6B007CEF6B /* ZJCQViewController.h */,
				1B8236C3213D4C6B007CEF6B /* ZJCQViewController.m */,
				1B30EAF2213E7B7500C4D5F4 /* 网页界面 */,
				1B6473ED2138ED9A00F4769F /* 主游戏界面vc */,
			);
			path = ViewController;
			sourceTree = "<group>";
		};
		1B2B0D1E2137ED74001DD5D5 /* Frameworks */ = {
			isa = PBXGroup;
			children = (
				1B2B0D1F2137ED74001DD5D5 /* Foundation.framework */,
			);
			name = Frameworks;
			sourceTree = "<group>";
		};
		1B30EAF2213E7B7500C4D5F4 /* 网页界面 */ = {
			isa = PBXGroup;
			children = (
				1B30EAF3213E7B7500C4D5F4 /* ZJCQShowWelcomeMessageViewController.h */,
				1B30EAF4213E7B7500C4D5F4 /* ZJCQShowWelcomeMessageViewController.m */,
				1B30EAF6213E7BCA00C4D5F4 /* MBProgressHUD */,
			);
			path = "网页界面";
			sourceTree = "<group>";
		};
		1B30EAF6213E7BCA00C4D5F4 /* MBProgressHUD */ = {
			isa = PBXGroup;
			children = (
				1B30EAF7213E7BCA00C4D5F4 /* MBProgressHUD.h */,
				1B30EAF8213E7BCA00C4D5F4 /* MBProgressHUD.m */,
			);
			path = MBProgressHUD;
			sourceTree = "<group>";
		};
		1B30EAFF213E7E2700C4D5F4 /* AFNetworking */ = {
			isa = PBXGroup;
			children = (
				1B30EB00213E7E2700C4D5F4 /* AFNetworking */,
				1B30EB0E213E7E2700C4D5F4 /* LICENSE */,
				1B30EB0F213E7E2700C4D5F4 /* README.md */,
				1B30EB10213E7E2700C4D5F4 /* UIKit+AFNetworking */,
			);
			path = AFNetworking;
			sourceTree = "<group>";
		};
		1B30EB00213E7E2700C4D5F4 /* AFNetworking */ = {
			isa = PBXGroup;
			children = (
				1B30EB01213E7E2700C4D5F4 /* AFHTTPSessionManager.h */,
				1B30EB02213E7E2700C4D5F4 /* AFHTTPSessionManager.m */,
				1B30EB03213E7E2700C4D5F4 /* AFNetworking.h */,
				1B30EB04213E7E2700C4D5F4 /* AFNetworkReachabilityManager.h */,
				1B30EB05213E7E2700C4D5F4 /* AFNetworkReachabilityManager.m */,
				1B30EB06213E7E2700C4D5F4 /* AFSecurityPolicy.h */,
				1B30EB07213E7E2700C4D5F4 /* AFSecurityPolicy.m */,
				1B30EB08213E7E2700C4D5F4 /* AFURLRequestSerialization.h */,
				1B30EB09213E7E2700C4D5F4 /* AFURLRequestSerialization.m */,
				1B30EB0A213E7E2700C4D5F4 /* AFURLResponseSerialization.h */,
				1B30EB0B213E7E2700C4D5F4 /* AFURLResponseSerialization.m */,
				1B30EB0C213E7E2700C4D5F4 /* AFURLSessionManager.h */,
				1B30EB0D213E7E2700C4D5F4 /* AFURLSessionManager.m */,
			);
			path = AFNetworking;
			sourceTree = "<group>";
		};
		1B30EB10213E7E2700C4D5F4 /* UIKit+AFNetworking */ = {
			isa = PBXGroup;
			children = (
				1B30EB11213E7E2700C4D5F4 /* AFAutoPurgingImageCache.h */,
				1B30EB12213E7E2700C4D5F4 /* AFAutoPurgingImageCache.m */,
				1B30EB13213E7E2700C4D5F4 /* AFImageDownloader.h */,
				1B30EB14213E7E2700C4D5F4 /* AFImageDownloader.m */,
				1B30EB15213E7E2700C4D5F4 /* AFNetworkActivityIndicatorManager.h */,
				1B30EB16213E7E2700C4D5F4 /* AFNetworkActivityIndicatorManager.m */,
				1B30EB17213E7E2700C4D5F4 /* UIActivityIndicatorView+AFNetworking.h */,
				1B30EB18213E7E2700C4D5F4 /* UIActivityIndicatorView+AFNetworking.m */,
				1B30EB19213E7E2700C4D5F4 /* UIButton+AFNetworking.h */,
				1B30EB1A213E7E2700C4D5F4 /* UIButton+AFNetworking.m */,
				1B30EB1B213E7E2700C4D5F4 /* UIImage+AFNetworking.h */,
				1B30EB1C213E7E2700C4D5F4 /* UIImageView+AFNetworking.h */,
				1B30EB1D213E7E2700C4D5F4 /* UIImageView+AFNetworking.m */,
				1B30EB1E213E7E2700C4D5F4 /* UIKit+AFNetworking.h */,
				1B30EB1F213E7E2700C4D5F4 /* UIProgressView+AFNetworking.h */,
				1B30EB20213E7E2700C4D5F4 /* UIProgressView+AFNetworking.m */,
				1B30EB21213E7E2700C4D5F4 /* UIRefreshControl+AFNetworking.h */,
				1B30EB22213E7E2700C4D5F4 /* UIRefreshControl+AFNetworking.m */,
				1B30EB23213E7E2700C4D5F4 /* UIWebView+AFNetworking.h */,
				1B30EB24213E7E2700C4D5F4 /* UIWebView+AFNetworking.m */,
			);
			path = "UIKit+AFNetworking";
			sourceTree = "<group>";
		};
		1B431422213939B90050691B /* 我的勋章vc */ = {
			isa = PBXGroup;
			children = (
				1B43141F213939B10050691B /* ZJCQMedalsViewController.h */,
				1B431420213939B10050691B /* ZJCQMedalsViewController.m */,
				1B4314262139566C0050691B /* 勋章cell */,
			);
			path = "我的勋章vc";
			sourceTree = "<group>";
		};
		1B4314262139566C0050691B /* 勋章cell */ = {
			isa = PBXGroup;
			children = (
				1B431423213956670050691B /* ZJCQMedalsCollectionViewCell.h */,
				1B431424213956670050691B /* ZJCQMedalsCollectionViewCell.m */,
			);
			path = "勋章cell";
			sourceTree = "<group>";
		};
		1B6473ED2138ED9A00F4769F /* 主游戏界面vc */ = {
			isa = PBXGroup;
			children = (
				0203AA2D1D39F78B005BFFBA /* ZJCQGameViewController.h */,
				0203AA2E1D39F78B005BFFBA /* ZJCQGameViewController.m */,
				1B5B0FA5213CCBFA00EEF9A8 /* ZJCQMedalPopupView.h */,
				1B5B0FA6213CCBFA00EEF9A8 /* ZJCQMedalPopupView.m */,
				1B431422213939B90050691B /* 我的勋章vc */,
			);
			path = "主游戏界面vc";
			sourceTree = "<group>";
		};
		1BB7A983213F8B10006A13E0 /* TZImagePickerController */ = {
			isa = PBXGroup;
			children = (
				1BB7A984213F8B10006A13E0 /* NSBundle+TZImagePicker.h */,
				1BB7A985213F8B10006A13E0 /* NSBundle+TZImagePicker.m */,
				1BB7A986213F8B10006A13E0 /* TZAssetCell.h */,
				1BB7A987213F8B10006A13E0 /* TZAssetCell.m */,
				1BB7A988213F8B10006A13E0 /* TZAssetModel.h */,
				1BB7A989213F8B10006A13E0 /* TZAssetModel.m */,
				1BB7A98A213F8B10006A13E0 /* TZGifPhotoPreviewController.h */,
				1BB7A98B213F8B10006A13E0 /* TZGifPhotoPreviewController.m */,
				1BB7A98C213F8B10006A13E0 /* TZImageCropManager.h */,
				1BB7A98D213F8B10006A13E0 /* TZImageCropManager.m */,
				1BB7A98E213F8B10006A13E0 /* TZImageManager.h */,
				1BB7A98F213F8B10006A13E0 /* TZImageManager.m */,
				1BB7A990213F8B10006A13E0 /* TZImagePickerController.bundle */,
				1BB7A991213F8B10006A13E0 /* TZImagePickerController.h */,
				1BB7A992213F8B10006A13E0 /* TZImagePickerController.m */,
				1BB7A993213F8B10006A13E0 /* TZLocationManager.h */,
				1BB7A994213F8B10006A13E0 /* TZLocationManager.m */,
				1BB7A995213F8B10006A13E0 /* TZPhotoPickerController.h */,
				1BB7A996213F8B10006A13E0 /* TZPhotoPickerController.m */,
				1BB7A997213F8B10006A13E0 /* TZPhotoPreviewCell.h */,
				1BB7A998213F8B10006A13E0 /* TZPhotoPreviewCell.m */,
				1BB7A999213F8B10006A13E0 /* TZPhotoPreviewController.h */,
				1BB7A99A213F8B10006A13E0 /* TZPhotoPreviewController.m */,
				1BB7A99B213F8B10006A13E0 /* TZProgressView.h */,
				1BB7A99C213F8B10006A13E0 /* TZProgressView.m */,
				1BB7A99D213F8B10006A13E0 /* TZVideoPlayerController.h */,
				1BB7A99E213F8B11006A13E0 /* TZVideoPlayerController.m */,
				1BB7A99F213F8B11006A13E0 /* UIView+Layout.h */,
				1BB7A9A0213F8B11006A13E0 /* UIView+Layout.m */,
			);
			path = TZImagePickerController;
			sourceTree = "<group>";
		};
/* End PBXGroup section */

/* Begin PBXNativeTarget section */
		0203AA081D39E708005BFFBA /* PuzzleGame */ = {
			isa = PBXNativeTarget;
			buildConfigurationList = 0203AA201D39E708005BFFBA /* Build configuration list for PBXNativeTarget "PuzzleGame" */;
			buildPhases = (
				0203AA051D39E708005BFFBA /* Sources */,
				0203AA061D39E708005BFFBA /* Frameworks */,
				0203AA071D39E708005BFFBA /* Resources */,
			);
			buildRules = (
			);
			dependencies = (
			);
			name = PuzzleGame;
			productName = PuzzleGame;
			productReference = 0203AA091D39E708005BFFBA /* PuzzleGame.app */;
			productType = "com.apple.product-type.application";
		};
/* End PBXNativeTarget section */

/* Begin PBXProject section */
		0203AA011D39E708005BFFBA /* Project object */ = {
			isa = PBXProject;
			attributes = {
				LastUpgradeCheck = 0720;
				ORGANIZATIONNAME = " 张亚飞";
				TargetAttributes = {
					0203AA081D39E708005BFFBA = {
						CreatedOnToolsVersion = 7.2;
						DevelopmentTeam = 6RKAPHQND9;
						LastSwiftMigration = 0940;
						ProvisioningStyle = Manual;
					};
				};
			};
			buildConfigurationList = 0203AA041D39E708005BFFBA /* Build configuration list for PBXProject "PuzzleGame" */;
			compatibilityVersion = "Xcode 3.2";
			developmentRegion = English;
			hasScannedForEncodings = 0;
			knownRegions = (
				en,
				Base,
			);
			mainGroup = 0203AA001D39E708005BFFBA;
			productRefGroup = 0203AA0A1D39E708005BFFBA /* Products */;
			projectDirPath = "";
			projectRoot = "";
			targets = (
				0203AA081D39E708005BFFBA /* PuzzleGame */,
			);
		};
/* End PBXProject section */

/* Begin PBXResourcesBuildPhase section */
		0203AA071D39E708005BFFBA /* Resources */ = {
			isa = PBXResourcesBuildPhase;
			buildActionMask = 2147483647;
			files = (
				0203AA191D39E708005BFFBA /* Assets.xcassets in Resources */,
				1B30EB2C213E7E2800C4D5F4 /* README.md in Resources */,
				1BB7A9A7213F8B11006A13E0 /* TZImagePickerController.bundle in Resources */,
				1B30EB2B213E7E2800C4D5F4 /* LICENSE in Resources */,
				0203AA171D39E708005BFFBA /* Main.storyboard in Resources */,
			);
			runOnlyForDeploymentPostprocessing = 0;
		};
/* End PBXResourcesBuildPhase section */

/* Begin PBXSourcesBuildPhase section */
		0203AA051D39E708005BFFBA /* Sources */ = {
			isa = PBXSourcesBuildPhase;
			buildActionMask = 2147483647;
			files = (
				0203AA321D39FD87005BFFBA /* ZJCQGameViewCell.m in Sources */,
				1B30EB32213E7E2800C4D5F4 /* UIImageView+AFNetworking.m in Sources */,
				1B30EB31213E7E2800C4D5F4 /* UIButton+AFNetworking.m in Sources */,
				1BB7A9AF213F8B11006A13E0 /* UIView+Layout.m in Sources */,
				1BB7A9AC213F8B11006A13E0 /* TZPhotoPreviewController.m in Sources */,
				0203AA2F1D39F78B005BFFBA /* ZJCQGameViewController.m in Sources */,
				1B5B0FA7213CCBFA00EEF9A8 /* ZJCQMedalPopupView.m in Sources */,
				1B41E496213E64AA00985643 /* UIColor+YjnExtension.m in Sources */,
				1B431425213956670050691B /* ZJCQMedalsCollectionViewCell.m in Sources */,
				1BB7A9AE213F8B11006A13E0 /* TZVideoPlayerController.m in Sources */,
				1BB7A9A8213F8B11006A13E0 /* TZImagePickerController.m in Sources */,
				1BB7A9AD213F8B11006A13E0 /* TZProgressView.m in Sources */,
				1B30EB2A213E7E2800C4D5F4 /* AFURLSessionManager.m in Sources */,
				1BB7A9A6213F8B11006A13E0 /* TZImageManager.m in Sources */,
				1BB7A9A3213F8B11006A13E0 /* TZAssetModel.m in Sources */,
				1BB7A9A2213F8B11006A13E0 /* TZAssetCell.m in Sources */,
				1BB7A9AB213F8B11006A13E0 /* TZPhotoPreviewCell.m in Sources */,
				1B30EB30213E7E2800C4D5F4 /* UIActivityIndicatorView+AFNetworking.m in Sources */,
				1BB7A9A4213F8B11006A13E0 /* TZGifPhotoPreviewController.m in Sources */,
				1B8236C4213D4C6B007CEF6B /* ZJCQViewController.m in Sources */,
				1B30EB26213E7E2800C4D5F4 /* AFNetworkReachabilityManager.m in Sources */,
				0203AA111D39E708005BFFBA /* AppDelegate.m in Sources */,
				0203AA291D39F1F9005BFFBA /* UIImage+YFImage.m in Sources */,
				1BB7A9AA213F8B11006A13E0 /* TZPhotoPickerController.m in Sources */,
				1B30EB29213E7E2800C4D5F4 /* AFURLResponseSerialization.m in Sources */,
				1B30EB28213E7E2800C4D5F4 /* AFURLRequestSerialization.m in Sources */,
				1B30EB2F213E7E2800C4D5F4 /* AFNetworkActivityIndicatorManager.m in Sources */,
				1B30EB2D213E7E2800C4D5F4 /* AFAutoPurgingImageCache.m in Sources */,
				1B30EB27213E7E2800C4D5F4 /* AFSecurityPolicy.m in Sources */,
				1BB7A9A9213F8B11006A13E0 /* TZLocationManager.m in Sources */,
				1B41E49D213E77EA00985643 /* KLCPopup.m in Sources */,
				1B30EAFE213E7C8C00C4D5F4 /* UIView+Sizes.m in Sources */,
				1B30EAF9213E7BCA00C4D5F4 /* MBProgressHUD.m in Sources */,
				1B30EAF5213E7B7500C4D5F4 /* ZJCQShowWelcomeMessageViewController.m in Sources */,
				1B30EB34213E7E2800C4D5F4 /* UIRefreshControl+AFNetworking.m in Sources */,
				1B30EB33213E7E2800C4D5F4 /* UIProgressView+AFNetworking.m in Sources */,
				1BB7A9A1213F8B11006A13E0 /* NSBundle+TZImagePicker.m in Sources */,
				1B30EB25213E7E2800C4D5F4 /* AFHTTPSessionManager.m in Sources */,
				1BB7A9A5213F8B11006A13E0 /* TZImageCropManager.m in Sources */,
				1B30EB35213E7E2800C4D5F4 /* UIWebView+AFNetworking.m in Sources */,
				1B431421213939B10050691B /* ZJCQMedalsViewController.m in Sources */,
				0203AA0E1D39E708005BFFBA /* main.m in Sources */,
				1B30EB2E213E7E2800C4D5F4 /* AFImageDownloader.m in Sources */,
			);
			runOnlyForDeploymentPostprocessing = 0;
		};
/* End PBXSourcesBuildPhase section */

/* Begin PBXVariantGroup section */
		0203AA151D39E708005BFFBA /* Main.storyboard */ = {
			isa = PBXVariantGroup;
			children = (
				0203AA161D39E708005BFFBA /* Base */,
			);
			name = Main.storyboard;
			path = ..;
			sourceTree = "<group>";
		};
/* End PBXVariantGroup section */

/* Begin XCBuildConfiguration section */
		0203AA1E1D39E708005BFFBA /* Debug */ = {
			isa = XCBuildConfiguration;
			buildSettings = {
				ALWAYS_SEARCH_USER_PATHS = NO;
				CLANG_CXX_LANGUAGE_STANDARD = "gnu++0x";
				CLANG_CXX_LIBRARY = "libc++";
				CLANG_ENABLE_MODULES = YES;
				CLANG_ENABLE_OBJC_ARC = YES;
				CLANG_WARN_BOOL_CONVERSION = YES;
				CLANG_WARN_CONSTANT_CONVERSION = YES;
				CLANG_WARN_DIRECT_OBJC_ISA_USAGE = YES_ERROR;
				CLANG_WARN_EMPTY_BODY = YES;
				CLANG_WARN_ENUM_CONVERSION = YES;
				CLANG_WARN_INT_CONVERSION = YES;
				CLANG_WARN_OBJC_ROOT_CLASS = YES_ERROR;
				CLANG_WARN_UNREACHABLE_CODE = YES;
				CLANG_WARN__DUPLICATE_METHOD_MATCH = YES;
				"CODE_SIGN_IDENTITY[sdk=iphoneos*]" = "iPhone Developer";
				COPY_PHASE_STRIP = NO;
				DEBUG_INFORMATION_FORMAT = dwarf;
				ENABLE_STRICT_OBJC_MSGSEND = YES;
				ENABLE_TESTABILITY = YES;
				GCC_C_LANGUAGE_STANDARD = gnu99;
				GCC_DYNAMIC_NO_PIC = NO;
				GCC_NO_COMMON_BLOCKS = YES;
				GCC_OPTIMIZATION_LEVEL = 0;
				GCC_PREPROCESSOR_DEFINITIONS = (
					"DEBUG=1",
					"$(inherited)",
				);
				GCC_WARN_64_TO_32_BIT_CONVERSION = YES;
				GCC_WARN_ABOUT_RETURN_TYPE = YES_ERROR;
				GCC_WARN_UNDECLARED_SELECTOR = YES;
				GCC_WARN_UNINITIALIZED_AUTOS = YES_AGGRESSIVE;
				GCC_WARN_UNUSED_FUNCTION = YES;
				GCC_WARN_UNUSED_VARIABLE = YES;
				IPHONEOS_DEPLOYMENT_TARGET = 8.0;
				MTL_ENABLE_DEBUG_INFO = YES;
				ONLY_ACTIVE_ARCH = YES;
				SDKROOT = iphoneos;
				TARGETED_DEVICE_FAMILY = "1,2";
			};
			name = Debug;
		};
		0203AA1F1D39E708005BFFBA /* Release */ = {
			isa = XCBuildConfiguration;
			buildSettings = {
				ALWAYS_SEARCH_USER_PATHS = NO;
				CLANG_CXX_LANGUAGE_STANDARD = "gnu++0x";
				CLANG_CXX_LIBRARY = "libc++";
				CLANG_ENABLE_MODULES = YES;
				CLANG_ENABLE_OBJC_ARC = YES;
				CLANG_WARN_BOOL_CONVERSION = YES;
				CLANG_WARN_CONSTANT_CONVERSION = YES;
				CLANG_WARN_DIRECT_OBJC_ISA_USAGE = YES_ERROR;
				CLANG_WARN_EMPTY_BODY = YES;
				CLANG_WARN_ENUM_CONVERSION = YES;
				CLANG_WARN_INT_CONVERSION = YES;
				CLANG_WARN_OBJC_ROOT_CLASS = YES_ERROR;
				CLANG_WARN_UNREACHABLE_CODE = YES;
				CLANG_WARN__DUPLICATE_METHOD_MATCH = YES;
				"CODE_SIGN_IDENTITY[sdk=iphoneos*]" = "iPhone Developer";
				COPY_PHASE_STRIP = NO;
				DEBUG_INFORMATION_FORMAT = "dwarf-with-dsym";
				ENABLE_NS_ASSERTIONS = NO;
				ENABLE_STRICT_OBJC_MSGSEND = YES;
				GCC_C_LANGUAGE_STANDARD = gnu99;
				GCC_NO_COMMON_BLOCKS = YES;
				GCC_WARN_64_TO_32_BIT_CONVERSION = YES;
				GCC_WARN_ABOUT_RETURN_TYPE = YES_ERROR;
				GCC_WARN_UNDECLARED_SELECTOR = YES;
				GCC_WARN_UNINITIALIZED_AUTOS = YES_AGGRESSIVE;
				GCC_WARN_UNUSED_FUNCTION = YES;
				GCC_WARN_UNUSED_VARIABLE = YES;
				IPHONEOS_DEPLOYMENT_TARGET = 8.0;
				MTL_ENABLE_DEBUG_INFO = NO;
				SDKROOT = iphoneos;
				TARGETED_DEVICE_FAMILY = "1,2";
				VALIDATE_PRODUCT = YES;
			};
			name = Release;
		};
		0203AA211D39E708005BFFBA /* Debug */ = {
			isa = XCBuildConfiguration;
			buildSettings = {
				ASSETCATALOG_COMPILER_APPICON_NAME = AppIcon;
				ASSETCATALOG_COMPILER_LAUNCHIMAGE_NAME = LaunchImage;
				CLANG_ENABLE_MODULES = YES;
				CODE_SIGN_IDENTITY = "iPhone Distribution";
				CODE_SIGN_STYLE = Manual;
				DEFINES_MODULE = NO;
				DEVELOPMENT_TEAM = 6RKAPHQND9;
				GCC_PREFIX_HEADER = "PuzzleGame/LianLianDots-Prefix.pch";
				HEADER_SEARCH_PATHS = (
					"\"$(SRCROOT)/PuzzleGame/Category/UIImage+YFImage.h\"",
					"\"$(SRCROOT)/PuzzleGame/Category/UIImage+YFImage.m\"",
				);
				INFOPLIST_FILE = PuzzleGame/Info.plist;
				IPHONEOS_DEPLOYMENT_TARGET = 8.0;
				LD_RUNPATH_SEARCH_PATHS = "$(inherited) @executable_path/Frameworks";
				PRODUCT_BUNDLE_IDENTIFIER = com.maoxian.jylks;
				PRODUCT_NAME = "$(TARGET_NAME)";
				PROVISIONING_PROFILE = "1f2902ad-52fb-4532-ba53-704ede5deccc";
				PROVISIONING_PROFILE_SPECIFIER = maoxianjiyuan_appstore;
				SWIFT_OBJC_BRIDGING_HEADER = "PuzzleGame/PuzzleGame-Bridging-Header.h";
				SWIFT_OPTIMIZATION_LEVEL = "-Onone";
				SWIFT_VERSION = 4.0;
				TARGETED_DEVICE_FAMILY = 1;
			};
			name = Debug;
		};
		0203AA221D39E708005BFFBA /* Release */ = {
			isa = XCBuildConfiguration;
			buildSettings = {
				ASSETCATALOG_COMPILER_APPICON_NAME = AppIcon;
				ASSETCATALOG_COMPILER_LAUNCHIMAGE_NAME = LaunchImage;
				CLANG_ENABLE_MODULES = YES;
				CODE_SIGN_IDENTITY = "iPhone Distribution";
				CODE_SIGN_STYLE = Manual;
				DEFINES_MODULE = NO;
				DEVELOPMENT_TEAM = 6RKAPHQND9;
				GCC_PREFIX_HEADER = "PuzzleGame/LianLianDots-Prefix.pch";
				HEADER_SEARCH_PATHS = (
					"\"$(SRCROOT)/PuzzleGame/Category/UIImage+YFImage.h\"",
					"\"$(SRCROOT)/PuzzleGame/Category/UIImage+YFImage.m\"",
				);
				INFOPLIST_FILE = PuzzleGame/Info.plist;
				IPHONEOS_DEPLOYMENT_TARGET = 8.0;
				LD_RUNPATH_SEARCH_PATHS = "$(inherited) @executable_path/Frameworks";
				PRODUCT_BUNDLE_IDENTIFIER = com.maoxian.jylks;
				PRODUCT_NAME = "$(TARGET_NAME)";
				PROVISIONING_PROFILE = "1f2902ad-52fb-4532-ba53-704ede5deccc";
				PROVISIONING_PROFILE_SPECIFIER = maoxianjiyuan_appstore;
				SWIFT_OBJC_BRIDGING_HEADER = "PuzzleGame/PuzzleGame-Bridging-Header.h";
				SWIFT_VERSION = 4.0;
				TARGETED_DEVICE_FAMILY = 1;
			};
			name = Release;
		};
/* End XCBuildConfiguration section */

/* Begin XCConfigurationList section */
		0203AA041D39E708005BFFBA /* Build configuration list for PBXProject "PuzzleGame" */ = {
			isa = XCConfigurationList;
			buildConfigurations = (
				0203AA1E1D39E708005BFFBA /* Debug */,
				0203AA1F1D39E708005BFFBA /* Release */,
			);
			defaultConfigurationIsVisible = 0;
			defaultConfigurationName = Release;
		};
		0203AA201D39E708005BFFBA /* Build configuration list for PBXNativeTarget "PuzzleGame" */ = {
			isa = XCConfigurationList;
			buildConfigurations = (
				0203AA211D39E708005BFFBA /* Debug */,
				0203AA221D39E708005BFFBA /* Release */,
			);
			defaultConfigurationIsVisible = 0;
			defaultConfigurationName = Release;
		};
/* End XCConfigurationList section */
	};
	rootObject = 0203AA011D39E708005BFFBA /* Project object */;
}
